
Microsoft Visual Studio Solution File, Format Version 12.00
# Visual Studio Version 17
VisualStudioVersion = 17.5.33627.172
MinimumVisualStudioVersion = 10.0.40219.1
Project("{FAE04EC0-301F-11D3-BF4B-00C04F79EFBC}") = "api.cartao", "api.cartao\api.cartao.csproj", "{896D2035-BAD9-45C9-8D9F-05D2E8DDE728}"
EndProject
Global
	GlobalSection(SolutionConfigurationPlatforms) = preSolution
		Debug|Any CPU = Debug|Any CPU
		Release|Any CPU = Release|Any CPU
	EndGlobalSection
	GlobalSection(ProjectConfigurationPlatforms) = postSolution
		{896D2035-BAD9-45C9-8D9F-05D2E8DDE728}.Debug|Any CPU.ActiveCfg = Debug|Any CPU
		{896D2035-BAD9-45C9-8D9F-05D2E8DDE728}.Debug|Any CPU.Build.0 = Debug|Any CPU
		{896D2035-BAD9-45C9-8D9F-05D2E8DDE728}.Release|Any CPU.ActiveCfg = Release|Any CPU
		{896D2035-BAD9-45C9-8D9F-05D2E8DDE728}.Release|Any CPU.Build.0 = Release|Any CPU
	EndGlobalSection
	GlobalSection(SolutionProperties) = preSolution
		HideSolutionNode = FALSE
	EndGlobalSection
	GlobalSection(ExtensibilityGlobals) = postSolution
		SolutionGuid = {11A64466-83D0-45B8-B373-25A7EE3CC7FC}
	EndGlobalSection
EndGlobal
